
Microsoft Visual Studio Solution File, Format Version 12.00
# Visual Studio 15
VisualStudioVersion = 15.0.26730.8
MinimumVisualStudioVersion = 10.0.40219.1
Project("{FAE04EC0-301F-11D3-BF4B-00C04F79EFBC}") = "Shipwreck.KokoroIOBot", "Shipwreck.KokoroIOBot\Shipwreck.KokoroIOBot.csproj", "{51FE9984-2E82-4644-BD4F-42213742124F}"
EndProject
Global
	GlobalSection(SolutionConfigurationPlatforms) = preSolution
		Debug|Any CPU = Debug|Any CPU
		Release|Any CPU = Release|Any CPU
	EndGlobalSection
	GlobalSection(ProjectConfigurationPlatforms) = postSolution
		{51FE9984-2E82-4644-BD4F-42213742124F}.Debug|Any CPU.ActiveCfg = Debug|Any CPU
		{51FE9984-2E82-4644-BD4F-42213742124F}.Debug|Any CPU.Build.0 = Debug|Any CPU
		{51FE9984-2E82-4644-BD4F-42213742124F}.Release|Any CPU.ActiveCfg = Release|Any CPU
		{51FE9984-2E82-4644-BD4F-42213742124F}.Release|Any CPU.Build.0 = Release|Any CPU
	EndGlobalSection
	GlobalSection(SolutionProperties) = preSolution
		HideSolutionNode = FALSE
	EndGlobalSection
	GlobalSection(ExtensibilityGlobals) = postSolution
		SolutionGuid = {F6F287DA-C7DE-446A-A08B-FABE45F96182}
	EndGlobalSection
EndGlobal
